
Microsoft Visual Studio Solution File, Format Version 12.00
# Visual Studio Version 17
VisualStudioVersion = 17.9.34728.123
MinimumVisualStudioVersion = 10.0.40219.1
Project("{FAE04EC0-301F-11D3-BF4B-00C04F79EFBC}") = "ServerForm", "ServerForm\ServerForm.csproj", "{4DACE111-B167-4A45-9663-2084C84A47BC}"
EndProject
Project("{FAE04EC0-301F-11D3-BF4B-00C04F79EFBC}") = "ClientForm", "ClientForm\ClientForm.csproj", "{52A9F883-BDC1-4665-867B-005B9BBCF1F4}"
EndProject
Global
	GlobalSection(SolutionConfigurationPlatforms) = preSolution
		Debug|Any CPU = Debug|Any CPU
		Release|Any CPU = Release|Any CPU
	EndGlobalSection
	GlobalSection(ProjectConfigurationPlatforms) = postSolution
		{4DACE111-B167-4A45-9663-2084C84A47BC}.Debug|Any CPU.ActiveCfg = Debug|Any CPU
		{4DACE111-B167-4A45-9663-2084C84A47BC}.Debug|Any CPU.Build.0 = Debug|Any CPU
		{4DACE111-B167-4A45-9663-2084C84A47BC}.Release|Any CPU.ActiveCfg = Release|Any CPU
		{4DACE111-B167-4A45-9663-2084C84A47BC}.Release|Any CPU.Build.0 = Release|Any CPU
		{52A9F883-BDC1-4665-867B-005B9BBCF1F4}.Debug|Any CPU.ActiveCfg = Debug|Any CPU
		{52A9F883-BDC1-4665-867B-005B9BBCF1F4}.Debug|Any CPU.Build.0 = Debug|Any CPU
		{52A9F883-BDC1-4665-867B-005B9BBCF1F4}.Release|Any CPU.ActiveCfg = Release|Any CPU
		{52A9F883-BDC1-4665-867B-005B9BBCF1F4}.Release|Any CPU.Build.0 = Release|Any CPU
	EndGlobalSection
	GlobalSection(SolutionProperties) = preSolution
		HideSolutionNode = FALSE
	EndGlobalSection
	GlobalSection(ExtensibilityGlobals) = postSolution
		SolutionGuid = {499DB280-DEC7-4C39-BD9C-015DA3ECB490}
	EndGlobalSection
EndGlobal
